{
  "name": "Hangman",
  "lockfileVersion": 3,
  "requires": true,
  "packages": {
    "": {
      "dependencies": {
        "random-word-generator-npm": "^2.0.1",
        "random-words": "^2.0.0",
        "seedrandom": "^3.0.5"
      }
    },
    "node_modules/@babel/code-frame": {
      "version": "7.0.0-beta.44",
      "resolved": "https://registry.npmjs.org/@babel/code-frame/-/code-frame-7.0.0-beta.44.tgz",
      "integrity": "sha512-cuAuTTIQ9RqcFRJ/Y8PvTh+paepNcaGxwQwjIDRWPXmzzyAeCO4KqS9ikMvq0MCbRk6GlYKwfzStrcP3/jSL8g==",
      "dependencies": {
        "@babel/highlight": "7.0.0-beta.44"
      }
    },
    "node_modules/@babel/generator": {
      "version": "7.0.0-beta.44",
      "resolved": "https://registry.npmjs.org/@babel/generator/-/generator-7.0.0-beta.44.tgz",
      "integrity": "sha512-5xVb7hlhjGcdkKpMXgicAVgx8syK5VJz193k0i/0sLP6DzE6lRrU1K3B/rFefgdo9LPGMAOOOAWW4jycj07ShQ==",
      "dependencies": {
        "@babel/types": "7.0.0-beta.44",
        "jsesc": "^2.5.1",
        "lodash": "^4.2.0",
        "source-map": "^0.5.0",
        "trim-right": "^1.0.1"
      }
    },
    "node_modules/@babel/helper-function-name": {
      "version": "7.0.0-beta.44",
      "resolved": "https://registry.npmjs.org/@babel/helper-function-name/-/helper-function-name-7.0.0-beta.44.tgz",
      "integrity": "sha512-MHRG2qZMKMFaBavX0LWpfZ2e+hLloT++N7rfM3DYOMUOGCD8cVjqZpwiL8a0bOX3IYcQev1ruciT0gdFFRTxzg==",
      "dependencies": {
        "@babel/helper-get-function-arity": "7.0.0-beta.44",
        "@babel/template": "7.0.0-beta.44",
        "@babel/types": "7.0.0-beta.44"
      }
    },
    "node_modules/@babel/helper-get-function-arity": {
      "version": "7.0.0-beta.44",
      "resolved": "https://registry.npmjs.org/@babel/helper-get-function-arity/-/helper-get-function-arity-7.0.0-beta.44.tgz",
      "integrity": "sha512-w0YjWVwrM2HwP6/H3sEgrSQdkCaxppqFeJtAnB23pRiJB5E/O9Yp7JAAeWBl+gGEgmBFinnTyOv2RN7rcSmMiw==",
      "dependencies": {
        "@babel/types": "7.0.0-beta.44"
      }
    },
    "node_modules/@babel/helper-split-export-declaration": {
      "version": "7.0.0-beta.44",
      "resolved": "https://registry.npmjs.org/@babel/helper-split-export-declaration/-/helper-split-export-declaration-7.0.0-beta.44.tgz",
      "integrity": "sha512-aQ7QowtkgKKzPGf0j6u77kBMdUFVBKNHw2p/3HX/POt5/oz8ec5cs0GwlgM8Hz7ui5EwJnzyfRmkNF1Nx1N7aA==",
      "dependencies": {
        "@babel/types": "7.0.0-beta.44"
      }
    },
    "node_modules/@babel/highlight": {
      "version": "7.0.0-beta.44",
      "resolved": "https://registry.npmjs.org/@babel/highlight/-/highlight-7.0.0-beta.44.tgz",
      "integrity": "sha512-Il19yJvy7vMFm8AVAh6OZzaFoAd0hbkeMZiX3P5HGD+z7dyI7RzndHB0dg6Urh/VAFfHtpOIzDUSxmY6coyZWQ==",
      "dependencies": {
        "chalk": "^2.0.0",
        "esutils": "^2.0.2",
        "js-tokens": "^3.0.0"
      }
    },
    "node_modules/@babel/template": {
      "version": "7.0.0-beta.44",
      "resolved": "https://registry.npmjs.org/@babel/template/-/template-7.0.0-beta.44.tgz",
      "integrity": "sha512-w750Sloq0UNifLx1rUqwfbnC6uSUk0mfwwgGRfdLiaUzfAOiH0tHJE6ILQIUi3KYkjiCDTskoIsnfqZvWLBDng==",
      "dependencies": {
        "@babel/code-frame": "7.0.0-beta.44",
        "@babel/types": "7.0.0-beta.44",
        "babylon": "7.0.0-beta.44",
        "lodash": "^4.2.0"
      }
    },
    "node_modules/@babel/traverse": {
      "version": "7.0.0-beta.44",
      "resolved": "https://registry.npmjs.org/@babel/traverse/-/traverse-7.0.0-beta.44.tgz",
      "integrity": "sha512-UHuDz8ukQkJCDASKHf+oDt3FVUzFd+QYfuBIsiNu/4+/ix6pP/C+uQZJ6K1oEfbCMv/IKWbgDEh7fcsnIE5AtA==",
      "dependencies": {
        "@babel/code-frame": "7.0.0-beta.44",
        "@babel/generator": "7.0.0-beta.44",
        "@babel/helper-function-name": "7.0.0-beta.44",
        "@babel/helper-split-export-declaration": "7.0.0-beta.44",
        "@babel/types": "7.0.0-beta.44",
        "babylon": "7.0.0-beta.44",
        "debug": "^3.1.0",
        "globals": "^11.1.0",
        "invariant": "^2.2.0",
        "lodash": "^4.2.0"
      }
    },
    "node_modules/@babel/types": {
      "version": "7.0.0-beta.44",
      "resolved": "https://registry.npmjs.org/@babel/types/-/types-7.0.0-beta.44.tgz",
      "integrity": "sha512-5eTV4WRmqbaFM3v9gHAIljEQJU4Ssc6fxL61JN+Oe2ga/BwyjzjamwkCVVAQjHGuAX8i0BWo42dshL8eO5KfLQ==",
      "dependencies": {
        "esutils": "^2.0.2",
        "lodash": "^4.2.0",
        "to-fast-properties": "^2.0.0"
      }
    },
    "node_modules/ansi-styles": {
      "version": "3.2.1",
      "resolved": "https://registry.npmjs.org/ansi-styles/-/ansi-styles-3.2.1.tgz",
      "integrity": "sha512-VT0ZI6kZRdTh8YyJw3SMbYm/u+NqfsAxEpWO0Pf9sq8/e94WxxOpPKx9FR1FlyCtOVDNOQ+8ntlqFxiRc+r5qA==",
      "dependencies": {
        "color-convert": "^1.9.0"
      },
      "engines": {
        "node": ">=4"
      }
    },
    "node_modules/babel-eslint": {
      "version": "8.2.6",
      "resolved": "https://registry.npmjs.org/babel-eslint/-/babel-eslint-8.2.6.tgz",
      "integrity": "sha512-aCdHjhzcILdP8c9lej7hvXKvQieyRt20SF102SIGyY4cUIiw6UaAtK4j2o3dXX74jEmy0TJ0CEhv4fTIM3SzcA==",
      "deprecated": "babel-eslint is now @babel/eslint-parser. This package will no longer receive updates.",
      "dependencies": {
        "@babel/code-frame": "7.0.0-beta.44",
        "@babel/traverse": "7.0.0-beta.44",
        "@babel/types": "7.0.0-beta.44",
        "babylon": "7.0.0-beta.44",
        "eslint-scope": "3.7.1",
        "eslint-visitor-keys": "^1.0.0"
      },
      "engines": {
        "node": ">=4"
      }
    },
    "node_modules/babylon": {
      "version": "7.0.0-beta.44",
      "resolved": "https://registry.npmjs.org/babylon/-/babylon-7.0.0-beta.44.tgz",
      "integrity": "sha512-5Hlm13BJVAioCHpImtFqNOF2H3ieTOHd0fmFGMxOJ9jgeFqeAwsv3u5P5cR7CSeFrkgHsT19DgFJkHV0/Mcd8g==",
      "bin": {
        "babylon": "bin/babylon.js"
      },
      "engines": {
        "node": ">=4.2.0"
      }
    },
    "node_modules/bowser": {
      "version": "2.11.0",
      "resolved": "https://registry.npmjs.org/bowser/-/bowser-2.11.0.tgz",
      "integrity": "sha512-AlcaJBi/pqqJBIQ8U9Mcpc9i8Aqxn88Skv5d+xBX006BY5u8N3mGLHa5Lgppa7L/HfwgwLgZ6NYs+Ag6uUmJRA=="
    },
    "node_modules/chalk": {
      "version": "2.4.2",
      "resolved": "https://registry.npmjs.org/chalk/-/chalk-2.4.2.tgz",
      "integrity": "sha512-Mti+f9lpJNcwF4tWV8/OrTTtF1gZi+f8FqlyAdouralcFWFQWF2+NgCHShjkCb+IFBLq9buZwE1xckQU4peSuQ==",
      "dependencies": {
        "ansi-styles": "^3.2.1",
        "escape-string-regexp": "^1.0.5",
        "supports-color": "^5.3.0"
      },
      "engines": {
        "node": ">=4"
      }
    },
    "node_modules/color-convert": {
      "version": "1.9.3",
      "resolved": "https://registry.npmjs.org/color-convert/-/color-convert-1.9.3.tgz",
      "integrity": "sha512-QfAUtd+vFdAtFQcC8CCyYt1fYWxSqAiK2cSD6zDB8N3cpsEBAvRxp9zOGg6G/SHHJYAT88/az/IuDGALsNVbGg==",
      "dependencies": {
        "color-name": "1.1.3"
      }
    },
    "node_modules/color-name": {
      "version": "1.1.3",
      "resolved": "https://registry.npmjs.org/color-name/-/color-name-1.1.3.tgz",
      "integrity": "sha512-72fSenhMw2HZMTVHeCA9KCmpEIbzWiQsjN+BHcBbS9vr1mtt+vJjPdksIBNUmKAW8TFUDPJK5SUU3QhE9NEXDw=="
    },
    "node_modules/debug": {
      "version": "3.2.7",
      "resolved": "https://registry.npmjs.org/debug/-/debug-3.2.7.tgz",
      "integrity": "sha512-CFjzYYAi4ThfiQvizrFQevTTXHtnCqWfe7x1AhgEscTz6ZbLbfoLRLPugTQyBth6f8ZERVUSyWHFD/7Wu4t1XQ==",
      "dependencies": {
        "ms": "^2.1.1"
      }
    },
    "node_modules/escape-string-regexp": {
      "version": "1.0.5",
      "resolved": "https://registry.npmjs.org/escape-string-regexp/-/escape-string-regexp-1.0.5.tgz",
      "integrity": "sha512-vbRorB5FUQWvla16U8R/qgaFIya2qGzwDrNmCZuYKrbdSUMG6I1ZCGQRefkRVhuOkIGVne7BQ35DSfo1qvJqFg==",
      "engines": {
        "node": ">=0.8.0"
      }
    },
    "node_modules/eslint-scope": {
      "version": "3.7.1",
      "resolved": "https://registry.npmjs.org/eslint-scope/-/eslint-scope-3.7.1.tgz",
      "integrity": "sha512-ivpbtpUgg9SJS4TLjK7KdcDhqc/E3CGItsvQbBNLkNGUeMhd5qnJcryba/brESS+dg3vrLqPuc/UcS7jRJdN5A==",
      "dependencies": {
        "esrecurse": "^4.1.0",
        "estraverse": "^4.1.1"
      },
      "engines": {
        "node": ">=4.0.0"
      }
    },
    "node_modules/eslint-visitor-keys": {
      "version": "1.3.0",
      "resolved": "https://registry.npmjs.org/eslint-visitor-keys/-/eslint-visitor-keys-1.3.0.tgz",
      "integrity": "sha512-6J72N8UNa462wa/KFODt/PJ3IU60SDpC3QXC1Hjc1BXXpfL2C9R5+AU7jhe0F6GREqVMh4Juu+NY7xn+6dipUQ==",
      "engines": {
        "node": ">=4"
      }
    },
    "node_modules/esrecurse": {
      "version": "4.3.0",
      "resolved": "https://registry.npmjs.org/esrecurse/-/esrecurse-4.3.0.tgz",
      "integrity": "sha512-KmfKL3b6G+RXvP8N1vr3Tq1kL/oCFgn2NYXEtqP8/L3pKapUA4G8cFVaoF3SU323CD4XypR/ffioHmkti6/Tag==",
      "dependencies": {
        "estraverse": "^5.2.0"
      },
      "engines": {
        "node": ">=4.0"
      }
    },
    "node_modules/esrecurse/node_modules/estraverse": {
      "version": "5.3.0",
      "resolved": "https://registry.npmjs.org/estraverse/-/estraverse-5.3.0.tgz",
      "integrity": "sha512-MMdARuVEQziNTeJD8DgMqmhwR11BRQ/cBP+pLtYdSTnf3MIO8fFeiINEbX36ZdNlfU/7A9f3gUw49B3oQsvwBA==",
      "engines": {
        "node": ">=4.0"
      }
    },
    "node_modules/estraverse": {
      "version": "4.3.0",
      "resolved": "https://registry.npmjs.org/estraverse/-/estraverse-4.3.0.tgz",
      "integrity": "sha512-39nnKffWz8xN1BU/2c79n9nB9HDzo0niYUqx6xyqUnyoAnQyyWpOTdZEeiCch8BBu515t4wp9ZmgVfVhn9EBpw==",
      "engines": {
        "node": ">=4.0"
      }
    },
    "node_modules/esutils": {
      "version": "2.0.3",
      "resolved": "https://registry.npmjs.org/esutils/-/esutils-2.0.3.tgz",
      "integrity": "sha512-kVscqXk4OCp68SZ0dkgEKVi6/8ij300KBWTJq32P/dYeWTSwK41WyTxalN1eRmA5Z9UU/LX9D7FWSmV9SAYx6g==",
      "engines": {
        "node": ">=0.10.0"
      }
    },
    "node_modules/globals": {
      "version": "11.12.0",
      "resolved": "https://registry.npmjs.org/globals/-/globals-11.12.0.tgz",
      "integrity": "sha512-WOBp/EEGUiIsJSp7wcv/y6MO+lV9UoncWqxuFfm8eBwzWNgyfBd6Gz+IeKQ9jCmyhoH99g15M3T+QaVHFjizVA==",
      "engines": {
        "node": ">=4"
      }
    },
    "node_modules/has-flag": {
      "version": "3.0.0",
      "resolved": "https://registry.npmjs.org/has-flag/-/has-flag-3.0.0.tgz",
      "integrity": "sha512-sKJf1+ceQBr4SMkvQnBDNDtf4TXpVhVGateu0t918bl30FnbE2m4vNLX+VWe/dpjlb+HugGYzW7uQXH98HPEYw==",
      "engines": {
        "node": ">=4"
      }
    },
    "node_modules/invariant": {
      "version": "2.2.4",
      "resolved": "https://registry.npmjs.org/invariant/-/invariant-2.2.4.tgz",
      "integrity": "sha512-phJfQVBuaJM5raOpJjSfkiD6BpbCE4Ns//LaXl6wGYtUBY83nWS6Rf9tXm2e8VaK60JEjYldbPif/A2B1C2gNA==",
      "dependencies": {
        "loose-envify": "^1.0.0"
      }
    },
    "node_modules/js-tokens": {
      "version": "3.0.2",
      "resolved": "https://registry.npmjs.org/js-tokens/-/js-tokens-3.0.2.tgz",
      "integrity": "sha512-RjTcuD4xjtthQkaWH7dFlH85L+QaVtSoOyGdZ3g6HFhS9dFNDfLyqgm2NFe2X6cQpeFmt0452FJjFG5UameExg=="
    },
    "node_modules/jsesc": {
      "version": "2.5.2",
      "resolved": "https://registry.npmjs.org/jsesc/-/jsesc-2.5.2.tgz",
      "integrity": "sha512-OYu7XEzjkCQ3C5Ps3QIZsQfNpqoJyZZA99wd9aWd05NCtC5pWOkShK2mkL6HXQR6/Cy2lbNdPlZBpuQHXE63gA==",
      "bin": {
        "jsesc": "bin/jsesc"
      },
      "engines": {
        "node": ">=4"
      }
    },
    "node_modules/lodash": {
      "version": "4.17.21",
      "resolved": "https://registry.npmjs.org/lodash/-/lodash-4.17.21.tgz",
      "integrity": "sha512-v2kDEe57lecTulaDIuNTPy3Ry4gLGJ6Z1O3vE1krgXZNrsQ+LFTGHVxVjcXPs17LhbZVGedAJv8XZ1tvj5FvSg=="
    },
    "node_modules/loose-envify": {
      "version": "1.4.0",
      "resolved": "https://registry.npmjs.org/loose-envify/-/loose-envify-1.4.0.tgz",
      "integrity": "sha512-lyuxPGr/Wfhrlem2CL/UcnUc1zcqKAImBDzukY7Y5F/yQiNdko6+fRLevlw1HgMySw7f611UIY408EtxRSoK3Q==",
      "dependencies": {
        "js-tokens": "^3.0.0 || ^4.0.0"
      },
      "bin": {
        "loose-envify": "cli.js"
      }
    },
    "node_modules/ms": {
      "version": "2.1.3",
      "resolved": "https://registry.npmjs.org/ms/-/ms-2.1.3.tgz",
      "integrity": "sha512-6FlzubTLZG3J2a/NVCAleEhjzq5oxgHyaCU9yYXvcLsvoVaHJq/s5xXI6/XXP6tz7R9xAOtHnSO/tXtF3WRTlA=="
    },
    "node_modules/random-word-generator-npm": {
      "version": "2.0.1",
      "resolved": "https://registry.npmjs.org/random-word-generator-npm/-/random-word-generator-npm-2.0.1.tgz",
      "integrity": "sha512-eu6RSCpfFk6Y3Nn1+E1CGqzUhsHoCBlgglD6LYj8rvEINGpNyYbU4Iom2VRq+DG7kkI7vlfKHLffHde1By6smg==",
      "dependencies": {
        "babel-eslint": "^8.0.3",
        "bowser": "^2.7.0"
      }
    },
    "node_modules/random-words": {
      "version": "2.0.0",
      "resolved": "https://registry.npmjs.org/random-words/-/random-words-2.0.0.tgz",
      "integrity": "sha512-uqpnDqFnYrZajgmvgjmBrSZL2V1UA/9bNPGrilo12CmBeBszoff/avElutUlwWxG12gvmCk/8dUhvHefYxzYjw==",
      "dependencies": {
        "seedrandom": "^3.0.5"
      }
    },
    "node_modules/seedrandom": {
      "version": "3.0.5",
      "resolved": "https://registry.npmjs.org/seedrandom/-/seedrandom-3.0.5.tgz",
      "integrity": "sha512-8OwmbklUNzwezjGInmZ+2clQmExQPvomqjL7LFqOYqtmuxRgQYqOD3mHaU+MvZn5FLUeVxVfQjwLZW/n/JFuqg=="
    },
    "node_modules/source-map": {
      "version": "0.5.7",
      "resolved": "https://registry.npmjs.org/source-map/-/source-map-0.5.7.tgz",
      "integrity": "sha512-LbrmJOMUSdEVxIKvdcJzQC+nQhe8FUZQTXQy6+I75skNgn3OoQ0DZA8YnFa7gp8tqtL3KPf1kmo0R5DoApeSGQ==",
      "engines": {
        "node": ">=0.10.0"
      }
    },
    "node_modules/supports-color": {
      "version": "5.5.0",
      "resolved": "https://registry.npmjs.org/supports-color/-/supports-color-5.5.0.tgz",
      "integrity": "sha512-QjVjwdXIt408MIiAqCX4oUKsgU2EqAGzs2Ppkm4aQYbjm+ZEWEcW4SfFNTr4uMNZma0ey4f5lgLrkB0aX0QMow==",
      "dependencies": {
        "has-flag": "^3.0.0"
      },
      "engines": {
        "node": ">=4"
      }
    },
    "node_modules/to-fast-properties": {
      "version": "2.0.0",
      "resolved": "https://registry.npmjs.org/to-fast-properties/-/to-fast-properties-2.0.0.tgz",
      "integrity": "sha512-/OaKK0xYrs3DmxRYqL/yDc+FxFUVYhDlXMhRmv3z915w2HF1tnN1omB354j8VUGO/hbRzyD6Y3sA7v7GS/ceog==",
      "engines": {
        "node": ">=4"
      }
    },
    "node_modules/trim-right": {
      "version": "1.0.1",
      "resolved": "https://registry.npmjs.org/trim-right/-/trim-right-1.0.1.tgz",
      "integrity": "sha512-WZGXGstmCWgeevgTL54hrCuw1dyMQIzWy7ZfqRJfSmJZBwklI15egmQytFP6bPidmw3M8d5yEowl1niq4vmqZw==",
      "engines": {
        "node": ">=0.10.0"
      }
    }
  }
}
